
Microsoft Visual Studio Solution File, Format Version 12.00
# Visual Studio 15
VisualStudioVersion = 15.0.27004.2009
MinimumVisualStudioVersion = 10.0.40219.1
Project("{8BC9CEB8-8B4A-11D0-8D11-00A0C91BC942}") = "emina-discord", "emina-discord\emina-discord.vcxproj", "{F1232713-55F4-4EFB-9F6E-B6EDE01D9AC3}"
EndProject
Global
	GlobalSection(SolutionConfigurationPlatforms) = preSolution
		Debug|x64 = Debug|x64
		Debug|x86 = Debug|x86
		Release|x64 = Release|x64
		Release|x86 = Release|x86
	EndGlobalSection
	GlobalSection(ProjectConfigurationPlatforms) = postSolution
		{F1232713-55F4-4EFB-9F6E-B6EDE01D9AC3}.Debug|x64.ActiveCfg = Debug|x64
		{F1232713-55F4-4EFB-9F6E-B6EDE01D9AC3}.Debug|x64.Build.0 = Debug|x64
		{F1232713-55F4-4EFB-9F6E-B6EDE01D9AC3}.Debug|x86.ActiveCfg = Debug|Win32
		{F1232713-55F4-4EFB-9F6E-B6EDE01D9AC3}.Debug|x86.Build.0 = Debug|Win32
		{F1232713-55F4-4EFB-9F6E-B6EDE01D9AC3}.Release|x64.ActiveCfg = Release|x64
		{F1232713-55F4-4EFB-9F6E-B6EDE01D9AC3}.Release|x64.Build.0 = Release|x64
		{F1232713-55F4-4EFB-9F6E-B6EDE01D9AC3}.Release|x86.ActiveCfg = Release|Win32
		{F1232713-55F4-4EFB-9F6E-B6EDE01D9AC3}.Release|x86.Build.0 = Release|Win32
	EndGlobalSection
	GlobalSection(SolutionProperties) = preSolution
		HideSolutionNode = FALSE
	EndGlobalSection
	GlobalSection(ExtensibilityGlobals) = postSolution
		SolutionGuid = {FB6AF90D-B57D-4D1D-A8FC-B490CEBF7A3C}
	EndGlobalSection
EndGlobal
